
Microsoft Visual Studio Solution File, Format Version 12.00
# Visual Studio Version 17
VisualStudioVersion = 17.6.33815.320
MinimumVisualStudioVersion = 10.0.40219.1
Project("{FAE04EC0-301F-11D3-BF4B-00C04F79EFBC}") = "RunGroupWebApp", "RunGroupWebApp\RunGroupWebApp.csproj", "{AB596306-DA4E-4699-9E78-A9FBC1F76AEC}"
EndProject
Global
	GlobalSection(SolutionConfigurationPlatforms) = preSolution
		Debug|Any CPU = Debug|Any CPU
		Release|Any CPU = Release|Any CPU
	EndGlobalSection
	GlobalSection(ProjectConfigurationPlatforms) = postSolution
		{AB596306-DA4E-4699-9E78-A9FBC1F76AEC}.Debug|Any CPU.ActiveCfg = Debug|Any CPU
		{AB596306-DA4E-4699-9E78-A9FBC1F76AEC}.Debug|Any CPU.Build.0 = Debug|Any CPU
		{AB596306-DA4E-4699-9E78-A9FBC1F76AEC}.Release|Any CPU.ActiveCfg = Release|Any CPU
		{AB596306-DA4E-4699-9E78-A9FBC1F76AEC}.Release|Any CPU.Build.0 = Release|Any CPU
	EndGlobalSection
	GlobalSection(SolutionProperties) = preSolution
		HideSolutionNode = FALSE
	EndGlobalSection
	GlobalSection(ExtensibilityGlobals) = postSolution
		SolutionGuid = {3445BBA9-3927-4179-8FAD-18B6758428E7}
	EndGlobalSection
EndGlobal
