
Microsoft Visual Studio Solution File, Format Version 12.00
# Visual Studio Version 17
VisualStudioVersion = 17.6.33815.320
MinimumVisualStudioVersion = 10.0.40219.1
Project("{9A19103F-16F7-4668-BE54-9A1E7A4F7556}") = "RunGroupWebApp", "RunGroupWebApp\RunGroupWebApp.csproj", "{AB596306-DA4E-4699-9E78-A9FBC1F76AEC}"
EndProject
Project("{E53339B2-1760-4266-BCC7-CA923CBCF16C}") = "docker-compose", "docker-compose.dcproj", "{5A04FEB8-337A-4FD6-A43D-08E086C49F3D}"
EndProject
Project("{FAE04EC0-301F-11D3-BF4B-00C04F79EFBC}") = "RunGroupWebApp.Tests", "..\RunGroupWebApp.Tests\RunGroupWebApp.Tests.csproj", "{7A6DE167-3081-493E-8C97-73DA58F7D6AF}"
EndProject
Global
	GlobalSection(SolutionConfigurationPlatforms) = preSolution
		Debug|Any CPU = Debug|Any CPU
		Release|Any CPU = Release|Any CPU
	EndGlobalSection
	GlobalSection(ProjectConfigurationPlatforms) = postSolution
		{AB596306-DA4E-4699-9E78-A9FBC1F76AEC}.Debug|Any CPU.ActiveCfg = Debug|Any CPU
		{AB596306-DA4E-4699-9E78-A9FBC1F76AEC}.Debug|Any CPU.Build.0 = Debug|Any CPU
		{AB596306-DA4E-4699-9E78-A9FBC1F76AEC}.Release|Any CPU.ActiveCfg = Release|Any CPU
		{AB596306-DA4E-4699-9E78-A9FBC1F76AEC}.Release|Any CPU.Build.0 = Release|Any CPU
		{5A04FEB8-337A-4FD6-A43D-08E086C49F3D}.Debug|Any CPU.ActiveCfg = Debug|Any CPU
		{5A04FEB8-337A-4FD6-A43D-08E086C49F3D}.Debug|Any CPU.Build.0 = Debug|Any CPU
		{5A04FEB8-337A-4FD6-A43D-08E086C49F3D}.Release|Any CPU.ActiveCfg = Release|Any CPU
		{5A04FEB8-337A-4FD6-A43D-08E086C49F3D}.Release|Any CPU.Build.0 = Release|Any CPU
		{7A6DE167-3081-493E-8C97-73DA58F7D6AF}.Debug|Any CPU.ActiveCfg = Debug|Any CPU
		{7A6DE167-3081-493E-8C97-73DA58F7D6AF}.Debug|Any CPU.Build.0 = Debug|Any CPU
		{7A6DE167-3081-493E-8C97-73DA58F7D6AF}.Release|Any CPU.ActiveCfg = Release|Any CPU
		{7A6DE167-3081-493E-8C97-73DA58F7D6AF}.Release|Any CPU.Build.0 = Release|Any CPU
	EndGlobalSection
	GlobalSection(SolutionProperties) = preSolution
		HideSolutionNode = FALSE
	EndGlobalSection
	GlobalSection(ExtensibilityGlobals) = postSolution
		SolutionGuid = {3445BBA9-3927-4179-8FAD-18B6758428E7}
	EndGlobalSection
EndGlobal
